{
  "version": 4,
  "terraform_version": "1.10.5",
  "serial": 33,
  "lineage": "fd5c44c9-52fe-0bcf-bbb9-0dee5928303d",
  "outputs": {
    "ec2-public-ip": {
      "value": "44.195.43.205",
      "type": "string"
    }
  },
  "resources": [
    {
      "mode": "managed",
      "type": "aws_instance",
      "name": "demo",
      "provider": "provider[\"registry.terraform.io/hashicorp/aws\"]",
      "instances": [
        {
          "schema_version": 1,
          "attributes": {
            "ami": "ami-04b4f1a9cf54c11d0",
            "arn": "arn:aws:ec2:us-east-1:535002885633:instance/i-0c3f81f0557ae805c",
            "associate_public_ip_address": true,
            "availability_zone": "us-east-1d",
            "capacity_reservation_specification": [
              {
                "capacity_reservation_preference": "open",
                "capacity_reservation_target": []
              }
            ],
            "cpu_core_count": 1,
            "cpu_options": [
              {
                "amd_sev_snp": "",
                "core_count": 1,
                "threads_per_core": 1
              }
            ],
            "cpu_threads_per_core": 1,
            "credit_specification": [
              {
                "cpu_credits": "standard"
              }
            ],
            "disable_api_stop": false,
            "disable_api_termination": false,
            "ebs_block_device": [],
            "ebs_optimized": false,
            "enable_primary_ipv6": null,
            "enclave_options": [
              {
                "enabled": false
              }
            ],
            "ephemeral_block_device": [],
            "get_password_data": false,
            "hibernation": false,
            "host_id": "",
            "host_resource_group_arn": null,
            "iam_instance_profile": "",
            "id": "i-0c3f81f0557ae805c",
            "instance_initiated_shutdown_behavior": "stop",
            "instance_lifecycle": "",
            "instance_market_options": [],
            "instance_state": "running",
            "instance_type": "t2.micro",
            "ipv6_address_count": 0,
            "ipv6_addresses": [],
            "key_name": "demo_keypair",
            "launch_template": [],
            "maintenance_options": [
              {
                "auto_recovery": "default"
              }
            ],
            "metadata_options": [
              {
                "http_endpoint": "enabled",
                "http_protocol_ipv6": "disabled",
                "http_put_response_hop_limit": 2,
                "http_tokens": "required",
                "instance_metadata_tags": "disabled"
              }
            ],
            "monitoring": false,
            "network_interface": [],
            "outpost_arn": "",
            "password_data": "",
            "placement_group": "",
            "placement_partition_number": 0,
            "primary_network_interface_id": "eni-0a8bbc63d9ab74058",
            "private_dns": "ip-10-0-0-134.ec2.internal",
            "private_dns_name_options": [
              {
                "enable_resource_name_dns_a_record": false,
                "enable_resource_name_dns_aaaa_record": false,
                "hostname_type": "ip-name"
              }
            ],
            "private_ip": "10.0.0.134",
            "public_dns": "",
            "public_ip": "44.195.43.205",
            "root_block_device": [
              {
                "delete_on_termination": true,
                "device_name": "/dev/sda1",
                "encrypted": false,
                "iops": 3000,
                "kms_key_id": "",
                "tags": {},
                "tags_all": {},
                "throughput": 125,
                "volume_id": "vol-0b6bfb2f1b5282c20",
                "volume_size": 8,
                "volume_type": "gp3"
              }
            ],
            "secondary_private_ips": [],
            "security_groups": [],
            "source_dest_check": true,
            "spot_instance_request_id": "",
            "subnet_id": "subnet-095f35786f36f365c",
            "tags": {
              "name": "demo"
            },
            "tags_all": {
              "name": "demo"
            },
            "tenancy": "default",
            "timeouts": null,
            "user_data": null,
            "user_data_base64": null,
            "user_data_replace_on_change": false,
            "volume_tags": null,
            "vpc_security_group_ids": [
              "sg-04f67420010cb1781"
            ]
          },
          "sensitive_attributes": [],
          "private": "eyJlMmJmYjczMC1lY2FhLTExZTYtOGY4OC0zNDM2M2JjN2M0YzAiOnsiY3JlYXRlIjo2MDAwMDAwMDAwMDAsImRlbGV0ZSI6MTIwMDAwMDAwMDAwMCwicmVhZCI6OTAwMDAwMDAwMDAwLCJ1cGRhdGUiOjYwMDAwMDAwMDAwMH0sInNjaGVtYV92ZXJzaW9uIjoiMSJ9",
          "dependencies": [
            "aws_internet_gateway.demo_IGW",
            "aws_key_pair.demo_keypair",
            "aws_route_table.demo_RT",
            "aws_security_group.demoSG",
            "aws_subnet.demo_subnet",
            "aws_vpc.demo_vpc",
            "tls_private_key.demo_key"
          ]
        }
      ]
    },
    {
      "mode": "managed",
      "type": "aws_internet_gateway",
      "name": "demo_IGW",
      "provider": "provider[\"registry.terraform.io/hashicorp/aws\"]",
      "instances": [
        {
          "schema_version": 0,
          "attributes": {
            "arn": "arn:aws:ec2:us-east-1:535002885633:internet-gateway/igw-0d930134b2494cc5c",
            "id": "igw-0d930134b2494cc5c",
            "owner_id": "535002885633",
            "tags": {
              "name": "demo_IGW"
            },
            "tags_all": {
              "name": "demo_IGW"
            },
            "timeouts": null,
            "vpc_id": "vpc-00d382b96d4f7d189"
          },
          "sensitive_attributes": [],
          "private": "eyJlMmJmYjczMC1lY2FhLTExZTYtOGY4OC0zNDM2M2JjN2M0YzAiOnsiY3JlYXRlIjoxMjAwMDAwMDAwMDAwLCJkZWxldGUiOjEyMDAwMDAwMDAwMDAsInVwZGF0ZSI6MTIwMDAwMDAwMDAwMH19",
          "dependencies": [
            "aws_vpc.demo_vpc"
          ]
        }
      ]
    },
    {
      "mode": "managed",
      "type": "aws_key_pair",
      "name": "demo_keypair",
      "provider": "provider[\"registry.terraform.io/hashicorp/aws\"]",
      "instances": [
        {
          "schema_version": 1,
          "attributes": {
            "arn": "arn:aws:ec2:us-east-1:535002885633:key-pair/demo_keypair",
            "fingerprint": "6d:7d:0f:1f:c5:01:1c:d4:55:77:21:ef:d1:7c:84:39",
            "id": "demo_keypair",
            "key_name": "demo_keypair",
            "key_name_prefix": "",
            "key_pair_id": "key-09f2b0afe91df0df1",
            "key_type": "rsa",
            "public_key": "ssh-rsa AAAAB3NzaC1yc2EAAAADAQABAAABAQDaY3eaTU7Djd6be3D9UXe7DIQqq9zg/c+eA7LvmRyliBUBKkmHLce3zsUc6CJVcjZkx3x1N7modbDdfccOdnuNcA3uu8YwEwQmVaXGSRb97gAhiS1IFxDzfvBarKbPYryeTAGcO4NWyclWP6YZok4VgHHvNwU5GaPE+urOpU++ow5yKuBwYEpzrVLeRnaCNH3BEIxxnBbQ8d44aBLqQAHOhH9HxbDFpjiKAHGKiAtwumkFHcWdV5XRSayThQMdziXZ7zPWP1pFGk/D3d8yAqOJoUSBCF1UHBTu1i5ONvEYNnyzsyuwcx2GUFR+nkwBLN3swAEgPowdiHQC7ku9FKlT",
            "tags": null,
            "tags_all": {}
          },
          "sensitive_attributes": [],
          "private": "eyJzY2hlbWFfdmVyc2lvbiI6IjEifQ==",
          "dependencies": [
            "tls_private_key.demo_key"
          ]
        }
      ]
    },
    {
      "mode": "managed",
      "type": "aws_route_table",
      "name": "demo_RT",
      "provider": "provider[\"registry.terraform.io/hashicorp/aws\"]",
      "instances": [
        {
          "schema_version": 0,
          "attributes": {
            "arn": "arn:aws:ec2:us-east-1:535002885633:route-table/rtb-0101e33f3efe7d31b",
            "id": "rtb-0101e33f3efe7d31b",
            "owner_id": "535002885633",
            "propagating_vgws": [],
            "route": [
              {
                "carrier_gateway_id": "",
                "cidr_block": "0.0.0.0/0",
                "core_network_arn": "",
                "destination_prefix_list_id": "",
                "egress_only_gateway_id": "",
                "gateway_id": "igw-0d930134b2494cc5c",
                "ipv6_cidr_block": "",
                "local_gateway_id": "",
                "nat_gateway_id": "",
                "network_interface_id": "",
                "transit_gateway_id": "",
                "vpc_endpoint_id": "",
                "vpc_peering_connection_id": ""
              }
            ],
            "tags": {
              "name": "demo_RT"
            },
            "tags_all": {
              "name": "demo_RT"
            },
            "timeouts": null,
            "vpc_id": "vpc-00d382b96d4f7d189"
          },
          "sensitive_attributes": [],
          "private": "eyJlMmJmYjczMC1lY2FhLTExZTYtOGY4OC0zNDM2M2JjN2M0YzAiOnsiY3JlYXRlIjozMDAwMDAwMDAwMDAsImRlbGV0ZSI6MzAwMDAwMDAwMDAwLCJ1cGRhdGUiOjEyMDAwMDAwMDAwMH19",
          "dependencies": [
            "aws_internet_gateway.demo_IGW",
            "aws_vpc.demo_vpc"
          ]
        }
      ]
    },
    {
      "mode": "managed",
      "type": "aws_route_table_association",
      "name": "demo_route_assoc",
      "provider": "provider[\"registry.terraform.io/hashicorp/aws\"]",
      "instances": [
        {
          "schema_version": 0,
          "attributes": {
            "gateway_id": "",
            "id": "rtbassoc-0bf4956da735101f7",
            "route_table_id": "rtb-0101e33f3efe7d31b",
            "subnet_id": "subnet-095f35786f36f365c",
            "timeouts": null
          },
          "sensitive_attributes": [],
          "private": "eyJlMmJmYjczMC1lY2FhLTExZTYtOGY4OC0zNDM2M2JjN2M0YzAiOnsiY3JlYXRlIjozMDAwMDAwMDAwMDAsImRlbGV0ZSI6MzAwMDAwMDAwMDAwLCJ1cGRhdGUiOjEyMDAwMDAwMDAwMH19",
          "dependencies": [
            "aws_internet_gateway.demo_IGW",
            "aws_route_table.demo_RT",
            "aws_subnet.demo_subnet",
            "aws_vpc.demo_vpc"
          ]
        }
      ]
    },
    {
      "mode": "managed",
      "type": "aws_security_group",
      "name": "demoSG",
      "provider": "provider[\"registry.terraform.io/hashicorp/aws\"]",
      "instances": [
        {
          "schema_version": 1,
          "attributes": {
            "arn": "arn:aws:ec2:us-east-1:535002885633:security-group/sg-04f67420010cb1781",
            "description": "allow inbound ssh and all outbound ",
            "egress": [
              {
                "cidr_blocks": [
                  "0.0.0.0/0"
                ],
                "description": "",
                "from_port": 0,
                "ipv6_cidr_blocks": [],
                "prefix_list_ids": [],
                "protocol": "-1",
                "security_groups": [],
                "self": false,
                "to_port": 0
              }
            ],
            "id": "sg-04f67420010cb1781",
            "ingress": [
              {
                "cidr_blocks": [
                  "0.0.0.0/0"
                ],
                "description": "",
                "from_port": 22,
                "ipv6_cidr_blocks": [],
                "prefix_list_ids": [],
                "protocol": "tcp",
                "security_groups": [],
                "self": false,
                "to_port": 22
              }
            ],
            "name": "allows_ssh",
            "name_prefix": "",
            "owner_id": "535002885633",
            "revoke_rules_on_delete": false,
            "tags": {
              "name": "demoSG"
            },
            "tags_all": {
              "name": "demoSG"
            },
            "timeouts": null,
            "vpc_id": "vpc-00d382b96d4f7d189"
          },
          "sensitive_attributes": [],
          "private": "eyJlMmJmYjczMC1lY2FhLTExZTYtOGY4OC0zNDM2M2JjN2M0YzAiOnsiY3JlYXRlIjo2MDAwMDAwMDAwMDAsImRlbGV0ZSI6OTAwMDAwMDAwMDAwfSwic2NoZW1hX3ZlcnNpb24iOiIxIn0=",
          "dependencies": [
            "aws_vpc.demo_vpc"
          ]
        }
      ]
    },
    {
      "mode": "managed",
      "type": "aws_subnet",
      "name": "demo_subnet",
      "provider": "provider[\"registry.terraform.io/hashicorp/aws\"]",
      "instances": [
        {
          "schema_version": 1,
          "attributes": {
            "arn": "arn:aws:ec2:us-east-1:535002885633:subnet/subnet-095f35786f36f365c",
            "assign_ipv6_address_on_creation": false,
            "availability_zone": "us-east-1d",
            "availability_zone_id": "use1-az1",
            "cidr_block": "10.0.0.0/24",
            "customer_owned_ipv4_pool": "",
            "enable_dns64": false,
            "enable_lni_at_device_index": 0,
            "enable_resource_name_dns_a_record_on_launch": false,
            "enable_resource_name_dns_aaaa_record_on_launch": false,
            "id": "subnet-095f35786f36f365c",
            "ipv6_cidr_block": "",
            "ipv6_cidr_block_association_id": "",
            "ipv6_native": false,
            "map_customer_owned_ip_on_launch": false,
            "map_public_ip_on_launch": true,
            "outpost_arn": "",
            "owner_id": "535002885633",
            "private_dns_hostname_type_on_launch": "ip-name",
            "tags": null,
            "tags_all": {},
            "timeouts": null,
            "vpc_id": "vpc-00d382b96d4f7d189"
          },
          "sensitive_attributes": [],
          "private": "eyJlMmJmYjczMC1lY2FhLTExZTYtOGY4OC0zNDM2M2JjN2M0YzAiOnsiY3JlYXRlIjo2MDAwMDAwMDAwMDAsImRlbGV0ZSI6MTIwMDAwMDAwMDAwMH0sInNjaGVtYV92ZXJzaW9uIjoiMSJ9",
          "dependencies": [
            "aws_vpc.demo_vpc"
          ]
        }
      ]
    },
    {
      "mode": "managed",
      "type": "aws_vpc",
      "name": "demo_vpc",
      "provider": "provider[\"registry.terraform.io/hashicorp/aws\"]",
      "instances": [
        {
          "schema_version": 1,
          "attributes": {
            "arn": "arn:aws:ec2:us-east-1:535002885633:vpc/vpc-00d382b96d4f7d189",
            "assign_generated_ipv6_cidr_block": false,
            "cidr_block": "10.0.0.0/24",
            "default_network_acl_id": "acl-0096f2592b2dff994",
            "default_route_table_id": "rtb-0f3eb09385c3495b8",
            "default_security_group_id": "sg-077cb71271ebbab4d",
            "dhcp_options_id": "dopt-001e6909bfb071667",
            "enable_dns_hostnames": false,
            "enable_dns_support": true,
            "enable_network_address_usage_metrics": false,
            "id": "vpc-00d382b96d4f7d189",
            "instance_tenancy": "default",
            "ipv4_ipam_pool_id": null,
            "ipv4_netmask_length": null,
            "ipv6_association_id": "",
            "ipv6_cidr_block": "",
            "ipv6_cidr_block_network_border_group": "",
            "ipv6_ipam_pool_id": "",
            "ipv6_netmask_length": 0,
            "main_route_table_id": "rtb-0f3eb09385c3495b8",
            "owner_id": "535002885633",
            "tags": {
              "name": "main"
            },
            "tags_all": {
              "name": "main"
            }
          },
          "sensitive_attributes": [],
          "private": "eyJzY2hlbWFfdmVyc2lvbiI6IjEifQ=="
        }
      ]
    },
    {
      "mode": "managed",
      "type": "local_file",
      "name": "private_key",
      "provider": "provider[\"registry.terraform.io/hashicorp/local\"]",
      "instances": [
        {
          "schema_version": 0,
          "attributes": {
            "content": "-----BEGIN RSA PRIVATE KEY-----\nMIIEowIBAAKCAQEA2mN3mk1Ow43em3tw/VF3uwyEKqvc4P3PngOy75kcpYgVASpJ\nhy3Ht87FHOgiVXI2ZMd8dTe5qHWw3X3HDnZ7jXAN7rvGMBMEJlWlxkkW/e4AIYkt\nSBcQ837wWqymz2K8nkwBnDuDVsnJVj+mGaJOFYBx7zcFORmjxPrqzqVPvqMOcirg\ncGBKc61S3kZ2gjR9wRCMcZwW0PHeOGgS6kABzoR/R8WwxaY4igBxiogLcLppBR3F\nnVeV0Umsk4UDHc4l2e8z1j9aRRpPw93fMgKjiaFEgQhdVBwU7tYuTjbxGDZ8s7Mr\nsHMdhlBUfp5MASzd7MABID6MHYh0Au5LvRSpUwIDAQABAoIBAC/a5gWI9T6C4wnd\nJehMptj1KC0VlgQzegBdPSOlwJJBXKDxvEUD8iTECYuJDqT8rxCsaghhmqxghc4z\nVqBDtFVM/bCXsxkrwZgI4petwn0IXzz6C1MlwtAou9CSzsbZEw35B81NeT1WYGkm\n72XknAm4KL9LpjhZ9voeJb/8l5nlR4tny6YpodrztEoTVwRXwFmsJEM949jpDi3W\ndN2PJ9STIHGlDOZez77s2aHy5wzvk5CtWKHqOFGEdAlwrlVH8A/KGUXvYZZZQB/x\nIcR/UHP/4pew48LI/y3gYfIb5b3wBI/WILG333GRw9Z/DuWFMVZ8Q/1njxkA0Wdh\nhERQ1+kCgYEA8MmNaYC6hRsxEjogUVn/e1DmY2MvR242lwy7pDNi0MsjcWDcGuzh\nucLYPWroqSHVc055Q8wPr8N7EZJjCJ9uGlqb05BX8UJfyNHcH8F2mcT1rCl3ZufP\ndDPkGC450SvVUGFg0CY52aoo5kb3F6rXhZijcKleoKYYG5Dndeom6m0CgYEA6C+k\nM63dR+k9pKGo83tDRp2BYmnsaE0Xqzrr3OWag9sOrgUMKH6E9gn5718799YFxMbC\nSfa8bGVRuV01l1iGj5fjGz/96ko/6Twa7GK/idxWVx/DGWdP9kMOLvc5Lu+TIXNF\nEVUy6oaV0e6Dwl1tMuZK1RCdWS0IzfOEP3JBir8CgYEAxvRS4zTZaTgxkLT0lSN+\n5N7Qrph6rVPUyXRc6u0GnizrKTh2Rc0rKflkAUN/4JgzLWZO7oUDBSDJZJiHOc26\nBQ6PKP1gnNlSGbXFY3vQSngi4lEU9rNdh8+EjbJMVZgZVqRPgU3EiSR/TN6gNi8U\ni6+2hFV9+dGjo8tUZOrHovUCgYA3AJowV96Um28r4dPpIekVAFjXHGqRZrnVqVaY\ndJe+5pS6qp1vtlD/C+v2RaQqGLwzGjaKWPXX48SRWcBJQwJVX9C/8s/OwZoUQVXL\na7UeDmExsGeCTBQILWhdvdkBAmXjRbA14+302r8BBTSXRZSJuz487PupVV7Bkw9g\nDEv0dwKBgHRI/PYqL+taEAjLI25Pi7nNbbB1nMBCPQHVdeDyJVKgH8nnMdrWQo7O\nWfeCityq5r7t8X8aa/xuXTrleagbhf1BQZX7KCYGiaTOmPKUqW59fmNzu9aE5Nms\nJyUZoIjEl/VjiTzV6smEWg5gp8Db0gsVAdERa4kGCCkR1xDYyN/6\n-----END RSA PRIVATE KEY-----\n",
            "content_base64": null,
            "content_base64sha256": "XJg2lo9wZ9H/wr084bOLaWT1QFCfm9Xnh20w5BTVZS8=",
            "content_base64sha512": "sGN/LhOL98VrgLl1n6xAdnptqQQ5/bG4dYG4V/qwtR9YjGNjZGfy8xqCcd0CjbLP6QdAUTXayXIzVAlAqavzCA==",
            "content_md5": "94bde1e27beedd1af985eb5960a9e408",
            "content_sha1": "95a084148fd737f3d482c85422cb9d286db08e87",
            "content_sha256": "5c9836968f7067d1ffc2bd3ce1b38b6964f540509f9bd5e7876d30e414d5652f",
            "content_sha512": "b0637f2e138bf7c56b80b9759fac40767a6da90439fdb1b87581b857fab0b51f588c63636467f2f31a8271dd028db2cfe907405135dac97233540940a9abf308",
            "directory_permission": "0777",
            "file_permission": "0777",
            "filename": "/home/khaled/demo_keypair.pem",
            "id": "95a084148fd737f3d482c85422cb9d286db08e87",
            "sensitive_content": null,
            "source": null
          },
          "sensitive_attributes": [
            [
              {
                "type": "get_attr",
                "value": "content"
              }
            ],
            [
              {
                "type": "get_attr",
                "value": "sensitive_content"
              }
            ]
          ],
          "dependencies": [
            "tls_private_key.demo_key"
          ]
        }
      ]
    },
    {
      "mode": "managed",
      "type": "tls_private_key",
      "name": "demo_key",
      "provider": "provider[\"registry.terraform.io/hashicorp/tls\"]",
      "instances": [
        {
          "schema_version": 1,
          "attributes": {
            "algorithm": "RSA",
            "ecdsa_curve": "P224",
            "id": "481f17074f94c6ad8c914148209d75ab31d60fdf",
            "private_key_openssh": "-----BEGIN OPENSSH PRIVATE KEY-----\nb3BlbnNzaC1rZXktdjEAAAAABG5vbmUAAAAEbm9uZQAAAAAAAAABAAABFwAAAAdz\nc2gtcnNhAAAAAwEAAQAAAQEA2mN3mk1Ow43em3tw/VF3uwyEKqvc4P3PngOy75kc\npYgVASpJhy3Ht87FHOgiVXI2ZMd8dTe5qHWw3X3HDnZ7jXAN7rvGMBMEJlWlxkkW\n/e4AIYktSBcQ837wWqymz2K8nkwBnDuDVsnJVj+mGaJOFYBx7zcFORmjxPrqzqVP\nvqMOcirgcGBKc61S3kZ2gjR9wRCMcZwW0PHeOGgS6kABzoR/R8WwxaY4igBxiogL\ncLppBR3FnVeV0Umsk4UDHc4l2e8z1j9aRRpPw93fMgKjiaFEgQhdVBwU7tYuTjbx\nGDZ8s7MrsHMdhlBUfp5MASzd7MABID6MHYh0Au5LvRSpUwAAA7hxlMoNcZTKDQAA\nAAdzc2gtcnNhAAABAQDaY3eaTU7Djd6be3D9UXe7DIQqq9zg/c+eA7LvmRyliBUB\nKkmHLce3zsUc6CJVcjZkx3x1N7modbDdfccOdnuNcA3uu8YwEwQmVaXGSRb97gAh\niS1IFxDzfvBarKbPYryeTAGcO4NWyclWP6YZok4VgHHvNwU5GaPE+urOpU++ow5y\nKuBwYEpzrVLeRnaCNH3BEIxxnBbQ8d44aBLqQAHOhH9HxbDFpjiKAHGKiAtwumkF\nHcWdV5XRSayThQMdziXZ7zPWP1pFGk/D3d8yAqOJoUSBCF1UHBTu1i5ONvEYNnyz\nsyuwcx2GUFR+nkwBLN3swAEgPowdiHQC7ku9FKlTAAAAAwEAAQAAAQAv2uYFiPU+\nguMJ3SXoTKbY9SgtFZYEM3oAXT0jpcCSQVyg8bxFA/IkxAmLiQ6k/K8QrGoIYZqs\nYIXOM1agQ7RVTP2wl7MZK8GYCOKXrcJ9CF88+gtTJcLQKLvQks7G2RMN+QfNTXk9\nVmBpJu9l5JwJuCi/S6Y4Wfb6HiW//JeZ5UeLZ8umKaHa87RKE1cEV8BZrCRDPePY\n6Q4t1nTdjyfUkyBxpQzmXs++7Nmh8ucM75OQrVih6jhRhHQJcK5VR/APyhlF72GW\nWUAf8SHEf1Bz/+KXsOPCyP8t4GHyG+W98ASP1iCxt99xkcPWfw7lhTFWfEP9Z48Z\nANFnYYREUNfpAAAAgHRI/PYqL+taEAjLI25Pi7nNbbB1nMBCPQHVdeDyJVKgH8nn\nMdrWQo7OWfeCityq5r7t8X8aa/xuXTrleagbhf1BQZX7KCYGiaTOmPKUqW59fmNz\nu9aE5NmsJyUZoIjEl/VjiTzV6smEWg5gp8Db0gsVAdERa4kGCCkR1xDYyN/6AAAA\ngQDwyY1pgLqFGzESOiBRWf97UOZjYy9HbjaXDLukM2LQyyNxYNwa7OG5wtg9auip\nIdVzTnlDzA+vw3sRkmMIn24aWpvTkFfxQl/I0dwfwXaZxPWsKXdm5890M+QYLjnR\nK9VQYWDQJjnZqijmRvcXqteFmKNwqV6gphgbkOd16ibqbQAAAIEA6C+kM63dR+k9\npKGo83tDRp2BYmnsaE0Xqzrr3OWag9sOrgUMKH6E9gn5718799YFxMbCSfa8bGVR\nuV01l1iGj5fjGz/96ko/6Twa7GK/idxWVx/DGWdP9kMOLvc5Lu+TIXNFEVUy6oaV\n0e6Dwl1tMuZK1RCdWS0IzfOEP3JBir8AAAAAAQID\n-----END OPENSSH PRIVATE KEY-----\n",
            "private_key_pem": "-----BEGIN RSA PRIVATE KEY-----\nMIIEowIBAAKCAQEA2mN3mk1Ow43em3tw/VF3uwyEKqvc4P3PngOy75kcpYgVASpJ\nhy3Ht87FHOgiVXI2ZMd8dTe5qHWw3X3HDnZ7jXAN7rvGMBMEJlWlxkkW/e4AIYkt\nSBcQ837wWqymz2K8nkwBnDuDVsnJVj+mGaJOFYBx7zcFORmjxPrqzqVPvqMOcirg\ncGBKc61S3kZ2gjR9wRCMcZwW0PHeOGgS6kABzoR/R8WwxaY4igBxiogLcLppBR3F\nnVeV0Umsk4UDHc4l2e8z1j9aRRpPw93fMgKjiaFEgQhdVBwU7tYuTjbxGDZ8s7Mr\nsHMdhlBUfp5MASzd7MABID6MHYh0Au5LvRSpUwIDAQABAoIBAC/a5gWI9T6C4wnd\nJehMptj1KC0VlgQzegBdPSOlwJJBXKDxvEUD8iTECYuJDqT8rxCsaghhmqxghc4z\nVqBDtFVM/bCXsxkrwZgI4petwn0IXzz6C1MlwtAou9CSzsbZEw35B81NeT1WYGkm\n72XknAm4KL9LpjhZ9voeJb/8l5nlR4tny6YpodrztEoTVwRXwFmsJEM949jpDi3W\ndN2PJ9STIHGlDOZez77s2aHy5wzvk5CtWKHqOFGEdAlwrlVH8A/KGUXvYZZZQB/x\nIcR/UHP/4pew48LI/y3gYfIb5b3wBI/WILG333GRw9Z/DuWFMVZ8Q/1njxkA0Wdh\nhERQ1+kCgYEA8MmNaYC6hRsxEjogUVn/e1DmY2MvR242lwy7pDNi0MsjcWDcGuzh\nucLYPWroqSHVc055Q8wPr8N7EZJjCJ9uGlqb05BX8UJfyNHcH8F2mcT1rCl3ZufP\ndDPkGC450SvVUGFg0CY52aoo5kb3F6rXhZijcKleoKYYG5Dndeom6m0CgYEA6C+k\nM63dR+k9pKGo83tDRp2BYmnsaE0Xqzrr3OWag9sOrgUMKH6E9gn5718799YFxMbC\nSfa8bGVRuV01l1iGj5fjGz/96ko/6Twa7GK/idxWVx/DGWdP9kMOLvc5Lu+TIXNF\nEVUy6oaV0e6Dwl1tMuZK1RCdWS0IzfOEP3JBir8CgYEAxvRS4zTZaTgxkLT0lSN+\n5N7Qrph6rVPUyXRc6u0GnizrKTh2Rc0rKflkAUN/4JgzLWZO7oUDBSDJZJiHOc26\nBQ6PKP1gnNlSGbXFY3vQSngi4lEU9rNdh8+EjbJMVZgZVqRPgU3EiSR/TN6gNi8U\ni6+2hFV9+dGjo8tUZOrHovUCgYA3AJowV96Um28r4dPpIekVAFjXHGqRZrnVqVaY\ndJe+5pS6qp1vtlD/C+v2RaQqGLwzGjaKWPXX48SRWcBJQwJVX9C/8s/OwZoUQVXL\na7UeDmExsGeCTBQILWhdvdkBAmXjRbA14+302r8BBTSXRZSJuz487PupVV7Bkw9g\nDEv0dwKBgHRI/PYqL+taEAjLI25Pi7nNbbB1nMBCPQHVdeDyJVKgH8nnMdrWQo7O\nWfeCityq5r7t8X8aa/xuXTrleagbhf1BQZX7KCYGiaTOmPKUqW59fmNzu9aE5Nms\nJyUZoIjEl/VjiTzV6smEWg5gp8Db0gsVAdERa4kGCCkR1xDYyN/6\n-----END RSA PRIVATE KEY-----\n",
            "private_key_pem_pkcs8": "-----BEGIN PRIVATE KEY-----\nMIIEvQIBADANBgkqhkiG9w0BAQEFAASCBKcwggSjAgEAAoIBAQDaY3eaTU7Djd6b\ne3D9UXe7DIQqq9zg/c+eA7LvmRyliBUBKkmHLce3zsUc6CJVcjZkx3x1N7modbDd\nfccOdnuNcA3uu8YwEwQmVaXGSRb97gAhiS1IFxDzfvBarKbPYryeTAGcO4NWyclW\nP6YZok4VgHHvNwU5GaPE+urOpU++ow5yKuBwYEpzrVLeRnaCNH3BEIxxnBbQ8d44\naBLqQAHOhH9HxbDFpjiKAHGKiAtwumkFHcWdV5XRSayThQMdziXZ7zPWP1pFGk/D\n3d8yAqOJoUSBCF1UHBTu1i5ONvEYNnyzsyuwcx2GUFR+nkwBLN3swAEgPowdiHQC\n7ku9FKlTAgMBAAECggEAL9rmBYj1PoLjCd0l6Eym2PUoLRWWBDN6AF09I6XAkkFc\noPG8RQPyJMQJi4kOpPyvEKxqCGGarGCFzjNWoEO0VUz9sJezGSvBmAjil63CfQhf\nPPoLUyXC0Ci70JLOxtkTDfkHzU15PVZgaSbvZeScCbgov0umOFn2+h4lv/yXmeVH\ni2fLpimh2vO0ShNXBFfAWawkQz3j2OkOLdZ03Y8n1JMgcaUM5l7PvuzZofLnDO+T\nkK1Yoeo4UYR0CXCuVUfwD8oZRe9hlllAH/EhxH9Qc//il7Djwsj/LeBh8hvlvfAE\nj9YgsbffcZHD1n8O5YUxVnxD/WePGQDRZ2GERFDX6QKBgQDwyY1pgLqFGzESOiBR\nWf97UOZjYy9HbjaXDLukM2LQyyNxYNwa7OG5wtg9auipIdVzTnlDzA+vw3sRkmMI\nn24aWpvTkFfxQl/I0dwfwXaZxPWsKXdm5890M+QYLjnRK9VQYWDQJjnZqijmRvcX\nqteFmKNwqV6gphgbkOd16ibqbQKBgQDoL6Qzrd1H6T2koajze0NGnYFiaexoTRer\nOuvc5ZqD2w6uBQwofoT2CfnvXzv31gXExsJJ9rxsZVG5XTWXWIaPl+MbP/3qSj/p\nPBrsYr+J3FZXH8MZZ0/2Qw4u9zku75Mhc0URVTLqhpXR7oPCXW0y5krVEJ1ZLQjN\n84Q/ckGKvwKBgQDG9FLjNNlpODGQtPSVI37k3tCumHqtU9TJdFzq7QaeLOspOHZF\nzSsp+WQBQ3/gmDMtZk7uhQMFIMlkmIc5zboFDo8o/WCc2VIZtcVje9BKeCLiURT2\ns12Hz4SNskxVmBlWpE+BTcSJJH9M3qA2LxSLr7aEVX350aOjy1Rk6sei9QKBgDcA\nmjBX3pSbbyvh0+kh6RUAWNccapFmudWpVph0l77mlLqqnW+2UP8L6/ZFpCoYvDMa\nNopY9dfjxJFZwElDAlVf0L/yz87BmhRBVctrtR4OYTGwZ4JMFAgtaF292QECZeNF\nsDXj7fTavwEFNJdFlIm7Pjzs+6lVXsGTD2AMS/R3AoGAdEj89iov61oQCMsjbk+L\nuc1tsHWcwEI9AdV14PIlUqAfyecx2tZCjs5Z94KK3Krmvu3xfxpr/G5dOuV5qBuF\n/UFBlfsoJgaJpM6Y8pSpbn1+Y3O71oTk2awnJRmgiMSX9WOJPNXqyYRaDmCnwNvS\nCxUB0RFriQYIKRHXENjI3/o=\n-----END PRIVATE KEY-----\n",
            "public_key_fingerprint_md5": "7d:76:74:3d:d3:6c:ef:ba:29:5c:96:65:6a:98:a9:4b",
            "public_key_fingerprint_sha256": "SHA256:AAu3kBimWpF2w6witrsN+6OrHCZxIzvxZZDTNmC8fq0",
            "public_key_openssh": "ssh-rsa AAAAB3NzaC1yc2EAAAADAQABAAABAQDaY3eaTU7Djd6be3D9UXe7DIQqq9zg/c+eA7LvmRyliBUBKkmHLce3zsUc6CJVcjZkx3x1N7modbDdfccOdnuNcA3uu8YwEwQmVaXGSRb97gAhiS1IFxDzfvBarKbPYryeTAGcO4NWyclWP6YZok4VgHHvNwU5GaPE+urOpU++ow5yKuBwYEpzrVLeRnaCNH3BEIxxnBbQ8d44aBLqQAHOhH9HxbDFpjiKAHGKiAtwumkFHcWdV5XRSayThQMdziXZ7zPWP1pFGk/D3d8yAqOJoUSBCF1UHBTu1i5ONvEYNnyzsyuwcx2GUFR+nkwBLN3swAEgPowdiHQC7ku9FKlT\n",
            "public_key_pem": "-----BEGIN PUBLIC KEY-----\nMIIBIjANBgkqhkiG9w0BAQEFAAOCAQ8AMIIBCgKCAQEA2mN3mk1Ow43em3tw/VF3\nuwyEKqvc4P3PngOy75kcpYgVASpJhy3Ht87FHOgiVXI2ZMd8dTe5qHWw3X3HDnZ7\njXAN7rvGMBMEJlWlxkkW/e4AIYktSBcQ837wWqymz2K8nkwBnDuDVsnJVj+mGaJO\nFYBx7zcFORmjxPrqzqVPvqMOcirgcGBKc61S3kZ2gjR9wRCMcZwW0PHeOGgS6kAB\nzoR/R8WwxaY4igBxiogLcLppBR3FnVeV0Umsk4UDHc4l2e8z1j9aRRpPw93fMgKj\niaFEgQhdVBwU7tYuTjbxGDZ8s7MrsHMdhlBUfp5MASzd7MABID6MHYh0Au5LvRSp\nUwIDAQAB\n-----END PUBLIC KEY-----\n",
            "rsa_bits": 2048
          },
          "sensitive_attributes": [
            [
              {
                "type": "get_attr",
                "value": "private_key_pem_pkcs8"
              }
            ],
            [
              {
                "type": "get_attr",
                "value": "private_key_pem"
              }
            ],
            [
              {
                "type": "get_attr",
                "value": "private_key_openssh"
              }
            ]
          ]
        }
      ]
    }
  ],
  "check_results": null
}
